
Microsoft Visual Studio Solution File, Format Version 12.00
# Visual Studio Express 2012 for Windows Desktop
Project("{FAE04EC0-301F-11D3-BF4B-00C04F79EFBC}") = "TP2", "TP2\TP2.csproj", "{F92DC917-7C6F-4EFD-BBCD-E2EAAE77BD4F}"
EndProject
Project("{FAE04EC0-301F-11D3-BF4B-00C04F79EFBC}") = "MainTP2", "MainTP2\MainTP2.csproj", "{77631DA3-D079-4952-A343-8734D227124B}"
EndProject
Global
	GlobalSection(SolutionConfigurationPlatforms) = preSolution
		Debug|Any CPU = Debug|Any CPU
		Release|Any CPU = Release|Any CPU
	EndGlobalSection
	GlobalSection(ProjectConfigurationPlatforms) = postSolution
		{F92DC917-7C6F-4EFD-BBCD-E2EAAE77BD4F}.Debug|Any CPU.ActiveCfg = Debug|Any CPU
		{F92DC917-7C6F-4EFD-BBCD-E2EAAE77BD4F}.Debug|Any CPU.Build.0 = Debug|Any CPU
		{F92DC917-7C6F-4EFD-BBCD-E2EAAE77BD4F}.Release|Any CPU.ActiveCfg = Release|Any CPU
		{F92DC917-7C6F-4EFD-BBCD-E2EAAE77BD4F}.Release|Any CPU.Build.0 = Release|Any CPU
		{77631DA3-D079-4952-A343-8734D227124B}.Debug|Any CPU.ActiveCfg = Debug|Any CPU
		{77631DA3-D079-4952-A343-8734D227124B}.Debug|Any CPU.Build.0 = Debug|Any CPU
		{77631DA3-D079-4952-A343-8734D227124B}.Release|Any CPU.ActiveCfg = Release|Any CPU
		{77631DA3-D079-4952-A343-8734D227124B}.Release|Any CPU.Build.0 = Release|Any CPU
	EndGlobalSection
	GlobalSection(SolutionProperties) = preSolution
		HideSolutionNode = FALSE
	EndGlobalSection
EndGlobal
